
Microsoft Visual Studio Solution File, Format Version 12.00
# Visual Studio Version 17
VisualStudioVersion = 17.3.32825.248
MinimumVisualStudioVersion = 10.0.40219.1
Project("{9A19103F-16F7-4668-BE54-9A1E7A4F7556}") = "AddressBookApi", "AddressBookApi.csproj", "{EB699FDA-E9EF-48F1-90F7-865B77C8F3B9}"
EndProject
Project("{2150E333-8FDC-42A3-9474-1A3956D46DE8}") = "src", "src", "{3A329441-4431-404E-994F-CCB97B929027}"
EndProject
Project("{9A19103F-16F7-4668-BE54-9A1E7A4F7556}") = "TestProject1", "..\TestProject1\TestProject1.csproj", "{A0B24A41-16B9-4DB2-B5BA-A5B317340391}"
EndProject
Global
	GlobalSection(SolutionConfigurationPlatforms) = preSolution
		Debug|Any CPU = Debug|Any CPU
		Release|Any CPU = Release|Any CPU
	EndGlobalSection
	GlobalSection(ProjectConfigurationPlatforms) = postSolution
		{EB699FDA-E9EF-48F1-90F7-865B77C8F3B9}.Debug|Any CPU.ActiveCfg = Debug|Any CPU
		{EB699FDA-E9EF-48F1-90F7-865B77C8F3B9}.Debug|Any CPU.Build.0 = Debug|Any CPU
		{EB699FDA-E9EF-48F1-90F7-865B77C8F3B9}.Release|Any CPU.ActiveCfg = Release|Any CPU
		{EB699FDA-E9EF-48F1-90F7-865B77C8F3B9}.Release|Any CPU.Build.0 = Release|Any CPU
		{A0B24A41-16B9-4DB2-B5BA-A5B317340391}.Debug|Any CPU.ActiveCfg = Debug|Any CPU
		{A0B24A41-16B9-4DB2-B5BA-A5B317340391}.Debug|Any CPU.Build.0 = Debug|Any CPU
		{A0B24A41-16B9-4DB2-B5BA-A5B317340391}.Release|Any CPU.ActiveCfg = Release|Any CPU
		{A0B24A41-16B9-4DB2-B5BA-A5B317340391}.Release|Any CPU.Build.0 = Release|Any CPU
	EndGlobalSection
	GlobalSection(SolutionProperties) = preSolution
		HideSolutionNode = FALSE
	EndGlobalSection
	GlobalSection(NestedProjects) = preSolution
		{EB699FDA-E9EF-48F1-90F7-865B77C8F3B9} = {3A329441-4431-404E-994F-CCB97B929027}
		{A0B24A41-16B9-4DB2-B5BA-A5B317340391} = {3A329441-4431-404E-994F-CCB97B929027}
	EndGlobalSection
	GlobalSection(ExtensibilityGlobals) = postSolution
		SolutionGuid = {E223B1B2-1249-426C-A13F-20080161E582}
	EndGlobalSection
EndGlobal
